
Microsoft Visual Studio Solution File, Format Version 12.00
# Visual Studio Version 17
VisualStudioVersion = 17.8.34511.84
MinimumVisualStudioVersion = 10.0.40219.1
Project("{FAE04EC0-301F-11D3-BF4B-00C04F79EFBC}") = "EmployeeProject", "EmployeeProject\EmployeeProject.csproj", "{96BCA95E-B6E6-4453-A7EB-BFF1530A2B30}"
EndProject
Global
	GlobalSection(SolutionConfigurationPlatforms) = preSolution
		Debug|Any CPU = Debug|Any CPU
		Release|Any CPU = Release|Any CPU
	EndGlobalSection
	GlobalSection(ProjectConfigurationPlatforms) = postSolution
		{96BCA95E-B6E6-4453-A7EB-BFF1530A2B30}.Debug|Any CPU.ActiveCfg = Debug|Any CPU
		{96BCA95E-B6E6-4453-A7EB-BFF1530A2B30}.Debug|Any CPU.Build.0 = Debug|Any CPU
		{96BCA95E-B6E6-4453-A7EB-BFF1530A2B30}.Release|Any CPU.ActiveCfg = Release|Any CPU
		{96BCA95E-B6E6-4453-A7EB-BFF1530A2B30}.Release|Any CPU.Build.0 = Release|Any CPU
	EndGlobalSection
	GlobalSection(SolutionProperties) = preSolution
		HideSolutionNode = FALSE
	EndGlobalSection
	GlobalSection(ExtensibilityGlobals) = postSolution
		SolutionGuid = {AC685DB4-5838-4978-BD1E-324A6B02976D}
	EndGlobalSection
EndGlobal
